
Microsoft Visual Studio Solution File, Format Version 12.00
Project("{FAE04EC0-301F-11D3-BF4B-00C04F79EFBC}") = "EFCoreDatabaseFirst", "EFCoreDatabaseFirst\EFCoreDatabaseFirst.csproj", "{BF7660D5-24A5-47D5-9584-86FBF13BF55C}"
EndProject
Global
	GlobalSection(SolutionConfigurationPlatforms) = preSolution
		Debug|Any CPU = Debug|Any CPU
		Release|Any CPU = Release|Any CPU
	EndGlobalSection
	GlobalSection(ProjectConfigurationPlatforms) = postSolution
		{BF7660D5-24A5-47D5-9584-86FBF13BF55C}.Debug|Any CPU.ActiveCfg = Debug|Any CPU
		{BF7660D5-24A5-47D5-9584-86FBF13BF55C}.Debug|Any CPU.Build.0 = Debug|Any CPU
		{BF7660D5-24A5-47D5-9584-86FBF13BF55C}.Release|Any CPU.ActiveCfg = Release|Any CPU
		{BF7660D5-24A5-47D5-9584-86FBF13BF55C}.Release|Any CPU.Build.0 = Release|Any CPU
	EndGlobalSection
EndGlobal
